
Microsoft Visual Studio Solution File, Format Version 12.00
# Visual Studio Version 16
VisualStudioVersion = 16.0.29503.13
MinimumVisualStudioVersion = 10.0.40219.1
Project("{9A19103F-16F7-4668-BE54-9A1E7A4F7556}") = "collegues-api", "collegues-api\collegues-api.csproj", "{2F57D88D-E2CF-4EA3-8FB1-9616D1D70A06}"
EndProject
Project("{9A19103F-16F7-4668-BE54-9A1E7A4F7556}") = "collegues-api-tests", "collegues-api-tests\collegues-api-tests.csproj", "{804D3C69-627B-44E7-BCD5-66222B8FCF83}"
EndProject
Global
	GlobalSection(SolutionConfigurationPlatforms) = preSolution
		Debug|Any CPU = Debug|Any CPU
		Release|Any CPU = Release|Any CPU
	EndGlobalSection
	GlobalSection(ProjectConfigurationPlatforms) = postSolution
		{2F57D88D-E2CF-4EA3-8FB1-9616D1D70A06}.Debug|Any CPU.ActiveCfg = Debug|Any CPU
		{2F57D88D-E2CF-4EA3-8FB1-9616D1D70A06}.Debug|Any CPU.Build.0 = Debug|Any CPU
		{2F57D88D-E2CF-4EA3-8FB1-9616D1D70A06}.Release|Any CPU.ActiveCfg = Release|Any CPU
		{2F57D88D-E2CF-4EA3-8FB1-9616D1D70A06}.Release|Any CPU.Build.0 = Release|Any CPU
		{804D3C69-627B-44E7-BCD5-66222B8FCF83}.Debug|Any CPU.ActiveCfg = Debug|Any CPU
		{804D3C69-627B-44E7-BCD5-66222B8FCF83}.Debug|Any CPU.Build.0 = Debug|Any CPU
		{804D3C69-627B-44E7-BCD5-66222B8FCF83}.Release|Any CPU.ActiveCfg = Release|Any CPU
		{804D3C69-627B-44E7-BCD5-66222B8FCF83}.Release|Any CPU.Build.0 = Release|Any CPU
	EndGlobalSection
	GlobalSection(SolutionProperties) = preSolution
		HideSolutionNode = FALSE
	EndGlobalSection
	GlobalSection(ExtensibilityGlobals) = postSolution
		SolutionGuid = {BFEF03AD-D861-42F2-A74D-D7AD7BC0E140}
	EndGlobalSection
EndGlobal
